
Microsoft Visual Studio Solution File, Format Version 12.00
# Visual Studio 15
VisualStudioVersion = 15.0.26124.0
MinimumVisualStudioVersion = 15.0.26124.0
Project("{9A19103F-16F7-4668-BE54-9A1E7A4F7556}") = "R5T.Troy.Standard.Construction", "R5T.Troy.Standard.Construction\R5T.Troy.Standard.Construction.csproj", "{58DACCDD-0A18-443E-A302-45194836C7A3}"
EndProject
Project("{9A19103F-16F7-4668-BE54-9A1E7A4F7556}") = "R5T.Troy.Standard", "R5T.Troy.Standard\R5T.Troy.Standard.csproj", "{23696F13-CDAC-4D38-A3CD-AF4030C6EA4E}"
EndProject
Project("{9A19103F-16F7-4668-BE54-9A1E7A4F7556}") = "R5T.Troy.Standard.Testing", "R5T.Troy.Standard.Testing\R5T.Troy.Standard.Testing.csproj", "{91A10894-6181-4CD5-8481-72BFE03471E7}"
EndProject
Project("{2150E333-8FDC-42A3-9474-1A3956D46DE8}") = "_Dependencies", "_Dependencies", "{6EE490E2-92ED-496B-B421-A7BB32228979}"
EndProject
Project("{9A19103F-16F7-4668-BE54-9A1E7A4F7556}") = "R5T.Troy.Default", "..\..\R5T.Troy.Default\source\R5T.Troy.Default\R5T.Troy.Default.csproj", "{BBC16F4C-15CC-43EE-A179-A89A3B683C5B}"
EndProject
Project("{9A19103F-16F7-4668-BE54-9A1E7A4F7556}") = "R5T.Troy.Base", "..\..\R5T.Troy.Base\source\R5T.Troy.Base\R5T.Troy.Base.csproj", "{26390F9B-1CD5-46EA-BB67-FDB5A431411F}"
EndProject
Project("{9A19103F-16F7-4668-BE54-9A1E7A4F7556}") = "R5T.Dacia", "..\..\R5T.Dacia\source\R5T.Dacia\R5T.Dacia.csproj", "{34D0D45E-3FF3-4353-9B30-64E9DAF15B16}"
EndProject
Global
	GlobalSection(SolutionConfigurationPlatforms) = preSolution
		Debug|Any CPU = Debug|Any CPU
		Debug|x64 = Debug|x64
		Debug|x86 = Debug|x86
		Release|Any CPU = Release|Any CPU
		Release|x64 = Release|x64
		Release|x86 = Release|x86
	EndGlobalSection
	GlobalSection(ProjectConfigurationPlatforms) = postSolution
		{58DACCDD-0A18-443E-A302-45194836C7A3}.Debug|Any CPU.ActiveCfg = Debug|Any CPU
		{58DACCDD-0A18-443E-A302-45194836C7A3}.Debug|Any CPU.Build.0 = Debug|Any CPU
		{58DACCDD-0A18-443E-A302-45194836C7A3}.Debug|x64.ActiveCfg = Debug|Any CPU
		{58DACCDD-0A18-443E-A302-45194836C7A3}.Debug|x64.Build.0 = Debug|Any CPU
		{58DACCDD-0A18-443E-A302-45194836C7A3}.Debug|x86.ActiveCfg = Debug|Any CPU
		{58DACCDD-0A18-443E-A302-45194836C7A3}.Debug|x86.Build.0 = Debug|Any CPU
		{58DACCDD-0A18-443E-A302-45194836C7A3}.Release|Any CPU.ActiveCfg = Release|Any CPU
		{58DACCDD-0A18-443E-A302-45194836C7A3}.Release|Any CPU.Build.0 = Release|Any CPU
		{58DACCDD-0A18-443E-A302-45194836C7A3}.Release|x64.ActiveCfg = Release|Any CPU
		{58DACCDD-0A18-443E-A302-45194836C7A3}.Release|x64.Build.0 = Release|Any CPU
		{58DACCDD-0A18-443E-A302-45194836C7A3}.Release|x86.ActiveCfg = Release|Any CPU
		{58DACCDD-0A18-443E-A302-45194836C7A3}.Release|x86.Build.0 = Release|Any CPU
		{23696F13-CDAC-4D38-A3CD-AF4030C6EA4E}.Debug|Any CPU.ActiveCfg = Debug|Any CPU
		{23696F13-CDAC-4D38-A3CD-AF4030C6EA4E}.Debug|Any CPU.Build.0 = Debug|Any CPU
		{23696F13-CDAC-4D38-A3CD-AF4030C6EA4E}.Debug|x64.ActiveCfg = Debug|Any CPU
		{23696F13-CDAC-4D38-A3CD-AF4030C6EA4E}.Debug|x64.Build.0 = Debug|Any CPU
		{23696F13-CDAC-4D38-A3CD-AF4030C6EA4E}.Debug|x86.ActiveCfg = Debug|Any CPU
		{23696F13-CDAC-4D38-A3CD-AF4030C6EA4E}.Debug|x86.Build.0 = Debug|Any CPU
		{23696F13-CDAC-4D38-A3CD-AF4030C6EA4E}.Release|Any CPU.ActiveCfg = Release|Any CPU
		{23696F13-CDAC-4D38-A3CD-AF4030C6EA4E}.Release|Any CPU.Build.0 = Release|Any CPU
		{23696F13-CDAC-4D38-A3CD-AF4030C6EA4E}.Release|x64.ActiveCfg = Release|Any CPU
		{23696F13-CDAC-4D38-A3CD-AF4030C6EA4E}.Release|x64.Build.0 = Release|Any CPU
		{23696F13-CDAC-4D38-A3CD-AF4030C6EA4E}.Release|x86.ActiveCfg = Release|Any CPU
		{23696F13-CDAC-4D38-A3CD-AF4030C6EA4E}.Release|x86.Build.0 = Release|Any CPU
		{91A10894-6181-4CD5-8481-72BFE03471E7}.Debug|Any CPU.ActiveCfg = Debug|Any CPU
		{91A10894-6181-4CD5-8481-72BFE03471E7}.Debug|Any CPU.Build.0 = Debug|Any CPU
		{91A10894-6181-4CD5-8481-72BFE03471E7}.Debug|x64.ActiveCfg = Debug|Any CPU
		{91A10894-6181-4CD5-8481-72BFE03471E7}.Debug|x64.Build.0 = Debug|Any CPU
		{91A10894-6181-4CD5-8481-72BFE03471E7}.Debug|x86.ActiveCfg = Debug|Any CPU
		{91A10894-6181-4CD5-8481-72BFE03471E7}.Debug|x86.Build.0 = Debug|Any CPU
		{91A10894-6181-4CD5-8481-72BFE03471E7}.Release|Any CPU.ActiveCfg = Release|Any CPU
		{91A10894-6181-4CD5-8481-72BFE03471E7}.Release|Any CPU.Build.0 = Release|Any CPU
		{91A10894-6181-4CD5-8481-72BFE03471E7}.Release|x64.ActiveCfg = Release|Any CPU
		{91A10894-6181-4CD5-8481-72BFE03471E7}.Release|x64.Build.0 = Release|Any CPU
		{91A10894-6181-4CD5-8481-72BFE03471E7}.Release|x86.ActiveCfg = Release|Any CPU
		{91A10894-6181-4CD5-8481-72BFE03471E7}.Release|x86.Build.0 = Release|Any CPU
		{BBC16F4C-15CC-43EE-A179-A89A3B683C5B}.Debug|Any CPU.ActiveCfg = Debug|Any CPU
		{BBC16F4C-15CC-43EE-A179-A89A3B683C5B}.Debug|Any CPU.Build.0 = Debug|Any CPU
		{BBC16F4C-15CC-43EE-A179-A89A3B683C5B}.Debug|x64.ActiveCfg = Debug|Any CPU
		{BBC16F4C-15CC-43EE-A179-A89A3B683C5B}.Debug|x64.Build.0 = Debug|Any CPU
		{BBC16F4C-15CC-43EE-A179-A89A3B683C5B}.Debug|x86.ActiveCfg = Debug|Any CPU
		{BBC16F4C-15CC-43EE-A179-A89A3B683C5B}.Debug|x86.Build.0 = Debug|Any CPU
		{BBC16F4C-15CC-43EE-A179-A89A3B683C5B}.Release|Any CPU.ActiveCfg = Release|Any CPU
		{BBC16F4C-15CC-43EE-A179-A89A3B683C5B}.Release|Any CPU.Build.0 = Release|Any CPU
		{BBC16F4C-15CC-43EE-A179-A89A3B683C5B}.Release|x64.ActiveCfg = Release|Any CPU
		{BBC16F4C-15CC-43EE-A179-A89A3B683C5B}.Release|x64.Build.0 = Release|Any CPU
		{BBC16F4C-15CC-43EE-A179-A89A3B683C5B}.Release|x86.ActiveCfg = Release|Any CPU
		{BBC16F4C-15CC-43EE-A179-A89A3B683C5B}.Release|x86.Build.0 = Release|Any CPU
		{26390F9B-1CD5-46EA-BB67-FDB5A431411F}.Debug|Any CPU.ActiveCfg = Debug|Any CPU
		{26390F9B-1CD5-46EA-BB67-FDB5A431411F}.Debug|Any CPU.Build.0 = Debug|Any CPU
		{26390F9B-1CD5-46EA-BB67-FDB5A431411F}.Debug|x64.ActiveCfg = Debug|Any CPU
		{26390F9B-1CD5-46EA-BB67-FDB5A431411F}.Debug|x64.Build.0 = Debug|Any CPU
		{26390F9B-1CD5-46EA-BB67-FDB5A431411F}.Debug|x86.ActiveCfg = Debug|Any CPU
		{26390F9B-1CD5-46EA-BB67-FDB5A431411F}.Debug|x86.Build.0 = Debug|Any CPU
		{26390F9B-1CD5-46EA-BB67-FDB5A431411F}.Release|Any CPU.ActiveCfg = Release|Any CPU
		{26390F9B-1CD5-46EA-BB67-FDB5A431411F}.Release|Any CPU.Build.0 = Release|Any CPU
		{26390F9B-1CD5-46EA-BB67-FDB5A431411F}.Release|x64.ActiveCfg = Release|Any CPU
		{26390F9B-1CD5-46EA-BB67-FDB5A431411F}.Release|x64.Build.0 = Release|Any CPU
		{26390F9B-1CD5-46EA-BB67-FDB5A431411F}.Release|x86.ActiveCfg = Release|Any CPU
		{26390F9B-1CD5-46EA-BB67-FDB5A431411F}.Release|x86.Build.0 = Release|Any CPU
		{34D0D45E-3FF3-4353-9B30-64E9DAF15B16}.Debug|Any CPU.ActiveCfg = Debug|Any CPU
		{34D0D45E-3FF3-4353-9B30-64E9DAF15B16}.Debug|Any CPU.Build.0 = Debug|Any CPU
		{34D0D45E-3FF3-4353-9B30-64E9DAF15B16}.Debug|x64.ActiveCfg = Debug|Any CPU
		{34D0D45E-3FF3-4353-9B30-64E9DAF15B16}.Debug|x64.Build.0 = Debug|Any CPU
		{34D0D45E-3FF3-4353-9B30-64E9DAF15B16}.Debug|x86.ActiveCfg = Debug|Any CPU
		{34D0D45E-3FF3-4353-9B30-64E9DAF15B16}.Debug|x86.Build.0 = Debug|Any CPU
		{34D0D45E-3FF3-4353-9B30-64E9DAF15B16}.Release|Any CPU.ActiveCfg = Release|Any CPU
		{34D0D45E-3FF3-4353-9B30-64E9DAF15B16}.Release|Any CPU.Build.0 = Release|Any CPU
		{34D0D45E-3FF3-4353-9B30-64E9DAF15B16}.Release|x64.ActiveCfg = Release|Any CPU
		{34D0D45E-3FF3-4353-9B30-64E9DAF15B16}.Release|x64.Build.0 = Release|Any CPU
		{34D0D45E-3FF3-4353-9B30-64E9DAF15B16}.Release|x86.ActiveCfg = Release|Any CPU
		{34D0D45E-3FF3-4353-9B30-64E9DAF15B16}.Release|x86.Build.0 = Release|Any CPU
	EndGlobalSection
	GlobalSection(SolutionProperties) = preSolution
		HideSolutionNode = FALSE
	EndGlobalSection
	GlobalSection(NestedProjects) = preSolution
		{BBC16F4C-15CC-43EE-A179-A89A3B683C5B} = {6EE490E2-92ED-496B-B421-A7BB32228979}
		{26390F9B-1CD5-46EA-BB67-FDB5A431411F} = {6EE490E2-92ED-496B-B421-A7BB32228979}
		{34D0D45E-3FF3-4353-9B30-64E9DAF15B16} = {6EE490E2-92ED-496B-B421-A7BB32228979}
	EndGlobalSection
	GlobalSection(ExtensibilityGlobals) = postSolution
		SolutionGuid = {31CE450D-F76F-427F-8C69-800290234889}
	EndGlobalSection
EndGlobal
